{
  "name": "imooc-server",
  "version": "1.0.0",
  "lockfileVersion": 1,
  "requires": true,
  "dependencies": {
    "address": {
      "version": "1.0.3",
      "resolved": "https://registry.npmjs.org/address/-/address-1.0.3.tgz",
      "integrity": "sha512-z55ocwKBRLryBs394Sm3ushTtBeg6VAeuku7utSoSnsJKvKcnXFIyC6vh27n3rXyxSgkJBBCAvyOn7gSUcTYjg=="
    },
    "agentkeepalive": {
      "version": "3.3.0",
      "resolved": "https://registry.npmjs.org/agentkeepalive/-/agentkeepalive-3.3.0.tgz",
      "integrity": "sha512-9yhcpXti2ZQE7bxuCsjjWNIZoQOd9sZ1ZBovHG0YeCRohFv73SLvcm73PC9T3olM4GyozaQb+4MGdQpcD8m7NQ==",
      "requires": {
        "humanize-ms": "1.2.1"
      }
    },
    "any-promise": {
      "version": "1.3.0",
      "resolved": "https://registry.npmjs.org/any-promise/-/any-promise-1.3.0.tgz",
      "integrity": "sha1-q8av7tzqUugJzcA3au0845Y10X8="
    },
    "bluebird": {
      "version": "3.4.6",
      "resolved": "https://registry.npmjs.org/bluebird/-/bluebird-3.4.6.tgz",
      "integrity": "sha1-AdqNgh2HgT0ViWfnQ9X+bGLPjA8="
    },
    "cloudinary": {
      "version": "1.10.0",
      "resolved": "https://registry.npmjs.org/cloudinary/-/cloudinary-1.10.0.tgz",
      "integrity": "sha512-+8GXHTNPKAcCKiSGYwdglIUYMjXxKoOgAVXPQMrDEHjSTVovCeqVnUtoXdF+v0RyAkAqK/sun0hJd5uw4o0plA==",
      "requires": {
        "lodash": "4.17.5",
        "q": "1.5.1"
      },
      "dependencies": {
        "lodash": {
          "version": "4.17.5",
          "resolved": "https://registry.npmjs.org/lodash/-/lodash-4.17.5.tgz",
          "integrity": "sha512-svL3uiZf1RwhH+cWrfZn3A4+U58wbP0tGVTLQPbjplZxZ8ROD9VLuNgsRniTlLe7OlSqR79RUehXgpBW/s0IQw=="
        }
      }
    },
    "content-type": {
      "version": "1.0.4",
      "resolved": "https://registry.npmjs.org/content-type/-/content-type-1.0.4.tgz",
      "integrity": "sha512-hIP3EEPs8tB9AT1L+NUqtwOAps4mk2Zob89MWXMHjHWg9milF/j4osnnQLXBCBFBk/tvIG/tUc9mOUJiPBhPXA=="
    },
    "crc32": {
      "version": "0.2.2",
      "resolved": "https://registry.npmjs.org/crc32/-/crc32-0.2.2.tgz",
      "integrity": "sha1-etIg1v/c0Rn5/BJ6d3LKzqOQpLo="
    },
    "debug": {
      "version": "2.6.9",
      "resolved": "https://registry.npmjs.org/debug/-/debug-2.6.9.tgz",
      "integrity": "sha512-bC7ElrdJaJnPbAP+1EotYvqZsb3ecl5wi6Bfi6BJTUcNowp6cvspg0jXznRTKDjm/E7AdgFBVeAPVMNcKGsHMA==",
      "requires": {
        "ms": "2.0.0"
      },
      "dependencies": {
        "ms": {
          "version": "2.0.0",
          "resolved": "https://registry.npmjs.org/ms/-/ms-2.0.0.tgz",
          "integrity": "sha1-VgiurfwAvmwpAd9fmGF4jeDVl8g="
        }
      }
    },
    "default-user-agent": {
      "version": "1.0.0",
      "resolved": "https://registry.npmjs.org/default-user-agent/-/default-user-agent-1.0.0.tgz",
      "integrity": "sha1-FsRu/cq6PtxF8k8r1IaLAbfCrcY=",
      "requires": {
        "os-name": "1.0.3"
      }
    },
    "destroy": {
      "version": "1.0.4",
      "resolved": "https://registry.npmjs.org/destroy/-/destroy-1.0.4.tgz",
      "integrity": "sha1-l4hXRCxEdJ5CBmE+N5RiBYJqvYA="
    },
    "digest-header": {
      "version": "0.0.1",
      "resolved": "https://registry.npmjs.org/digest-header/-/digest-header-0.0.1.tgz",
      "integrity": "sha1-Ecz23uxXZqw3l0TZAcEsuklRS+Y=",
      "requires": {
        "utility": "0.1.11"
      }
    },
    "ee-first": {
      "version": "1.1.1",
      "resolved": "https://registry.npmjs.org/ee-first/-/ee-first-1.1.1.tgz",
      "integrity": "sha1-WQxhFWsK4vTwJVcyoViyZrxWsh0="
    },
    "formstream": {
      "version": "1.1.0",
      "resolved": "https://registry.npmjs.org/formstream/-/formstream-1.1.0.tgz",
      "integrity": "sha1-UfOXDyYTbrCtRDBN5M67UCB7RHk=",
      "requires": {
        "destroy": "1.0.4",
        "mime": "1.3.6",
        "pause-stream": "0.0.11"
      }
    },
    "humanize-ms": {
      "version": "1.2.1",
      "resolved": "https://registry.npmjs.org/humanize-ms/-/humanize-ms-1.2.1.tgz",
      "integrity": "sha1-xG4xWaKT9riW2ikxbYtv6Lt5u+0=",
      "requires": {
        "ms": "2.1.1"
      }
    },
    "iconv-lite": {
      "version": "0.4.19",
      "resolved": "https://registry.npmjs.org/iconv-lite/-/iconv-lite-0.4.19.tgz",
      "integrity": "sha512-oTZqweIP51xaGPI4uPa56/Pri/480R+mo7SeU+YETByQNhDG55ycFyNLIgta9vXhILrxXDmF7ZGhqZIcuN0gJQ=="
    },
    "koa": {
      "version": "1.2.4",
      "resolved": "https://registry.npmjs.org/koa/-/koa-1.2.4.tgz",
      "integrity": "sha1-bvbRenvqjsd4qFcrVaDQVi5IhlQ=",
      "requires": {
        "accepts": "1.3.3",
        "co": "4.6.0",
        "composition": "2.3.0",
        "content-disposition": "0.5.1",
        "content-type": "1.0.2",
        "cookies": "0.6.1",
        "debug": "2.3.2",
        "delegates": "1.0.0",
        "destroy": "1.0.4",
        "error-inject": "1.0.0",
        "escape-html": "1.0.3",
        "fresh": "0.3.0",
        "http-assert": "1.2.0",
        "http-errors": "1.5.0",
        "koa-compose": "2.5.1",
        "koa-is-json": "1.0.0",
        "mime-types": "2.1.12",
        "on-finished": "2.3.0",
        "only": "0.0.2",
        "parseurl": "1.3.1",
        "statuses": "1.3.1",
        "type-is": "1.6.13",
        "vary": "1.1.0"
      },
      "dependencies": {
        "accepts": {
          "version": "1.3.3",
          "resolved": "https://registry.npmjs.org/accepts/-/accepts-1.3.3.tgz",
          "integrity": "sha1-w8p0NJOGSMPg2cHjKN1otiLChMo=",
          "requires": {
            "mime-types": "2.1.12",
            "negotiator": "0.6.1"
          },
          "dependencies": {
            "negotiator": {
              "version": "0.6.1",
              "resolved": "https://registry.npmjs.org/negotiator/-/negotiator-0.6.1.tgz",
              "integrity": "sha1-KzJxhOiZIQEXeyhWP7XnECrNDKk="
            }
          }
        },
        "co": {
          "version": "4.6.0",
          "resolved": "https://registry.npm.taobao.org/co/download/co-4.6.0.tgz",
          "integrity": "sha1-bqa989hTrlTMuOR7+gvz+QMfsYQ="
        },
        "composition": {
          "version": "2.3.0",
          "resolved": "https://registry.npmjs.org/composition/-/composition-2.3.0.tgz",
          "integrity": "sha1-dCgFN0yrVQxSCjNmL1pzLgII1vI=",
          "requires": {
            "any-promise": "1.3.0",
            "co": "4.6.0"
          },
          "dependencies": {
            "any-promise": {
              "version": "1.3.0",
              "resolved": "https://registry.npm.taobao.org/any-promise/download/any-promise-1.3.0.tgz",
              "integrity": "sha1-q8av7tzqUugJzcA3au0845Y10X8="
            }
          }
        },
        "content-disposition": {
          "version": "0.5.1",
          "resolved": "https://registry.npmjs.org/content-disposition/-/content-disposition-0.5.1.tgz",
          "integrity": "sha1-h0dsamfI2qh+Muh2Ft+IO6f7Bxs="
        },
        "content-type": {
          "version": "1.0.2",
          "resolved": "https://registry.npmjs.org/content-type/-/content-type-1.0.2.tgz",
          "integrity": "sha1-t9ETrueo3Se9IRM8TcJSnfFyHu0="
        },
        "cookies": {
          "version": "0.6.1",
          "resolved": "https://registry.npmjs.org/cookies/-/cookies-0.6.1.tgz",
          "integrity": "sha1-72k7G8bwH1Z9RuL1BOnBX7cMupA=",
          "requires": {
            "depd": "1.1.0",
            "keygrip": "1.0.1"
          },
          "dependencies": {
            "depd": {
              "version": "1.1.0",
              "resolved": "https://registry.npmjs.org/depd/-/depd-1.1.0.tgz",
              "integrity": "sha1-4b2Cxqq2ztlluXuIsX7T5SjKGMM="
            },
            "keygrip": {
              "version": "1.0.1",
              "resolved": "https://registry.npmjs.org/keygrip/-/keygrip-1.0.1.tgz",
              "integrity": "sha1-sC+kgW7vIajEs1yp5Skh/8iaMOk="
            }
          }
        },
        "debug": {
          "version": "2.3.2",
          "resolved": "https://registry.npmjs.org/debug/-/debug-2.3.2.tgz",
          "integrity": "sha1-lMtGbvfW0sflJFzdbkEE8tDXDTA=",
          "requires": {
            "ms": "0.7.2"
          },
          "dependencies": {
            "ms": {
              "version": "0.7.2",
              "resolved": "https://registry.npmjs.org/ms/-/ms-0.7.2.tgz",
              "integrity": "sha1-riXPJRKziFodldfwN4aNhDESR2U="
            }
          }
        },
        "delegates": {
          "version": "1.0.0",
          "resolved": "https://registry.npm.taobao.org/delegates/download/delegates-1.0.0.tgz",
          "integrity": "sha1-hMbhWbgZBP3KWaDvRM2HDTElD5o="
        },
        "destroy": {
          "version": "1.0.4",
          "resolved": "https://registry.npm.taobao.org/destroy/download/destroy-1.0.4.tgz",
          "integrity": "sha1-l4hXRCxEdJ5CBmE+N5RiBYJqvYA="
        },
        "error-inject": {
          "version": "1.0.0",
          "resolved": "https://registry.npmjs.org/error-inject/-/error-inject-1.0.0.tgz",
          "integrity": "sha1-4rPZG1Su1nLzCdlQ0VSFD6EdTzc="
        },
        "escape-html": {
          "version": "1.0.3",
          "resolved": "https://registry.npm.taobao.org/escape-html/download/escape-html-1.0.3.tgz",
          "integrity": "sha1-Aljq5NPQwJdN4cFpGI7wBR0dGYg="
        },
        "fresh": {
          "version": "0.3.0",
          "resolved": "https://registry.npmjs.org/fresh/-/fresh-0.3.0.tgz",
          "integrity": "sha1-ZR+DjiJCTnVm3hYdg1jKoZn4PU8="
        },
        "http-assert": {
          "version": "1.2.0",
          "resolved": "https://registry.npmjs.org/http-assert/-/http-assert-1.2.0.tgz",
          "integrity": "sha1-1jkub2UZ3vTjQCZrNQltttP+ugA=",
          "requires": {
            "deep-equal": "1.0.1",
            "http-errors": "1.4.0"
          },
          "dependencies": {
            "deep-equal": {
              "version": "1.0.1",
              "resolved": "https://registry.npmjs.org/deep-equal/-/deep-equal-1.0.1.tgz",
              "integrity": "sha1-9dJgKStmDghO/0zbyfCK0yR0SLU="
            },
            "http-errors": {
              "version": "1.4.0",
              "resolved": "https://registry.npmjs.org/http-errors/-/http-errors-1.4.0.tgz",
              "integrity": "sha1-bAJC3qaz33r9oVPHEImzHG6Cqr8=",
              "requires": {
                "inherits": "2.0.1",
                "statuses": "1.3.1"
              },
              "dependencies": {
                "inherits": {
                  "version": "2.0.1",
                  "resolved": "https://registry.npmjs.org/inherits/-/inherits-2.0.1.tgz",
                  "integrity": "sha1-sX0I0ya0Qj5Wjv9xn5GwscvfafE="
                }
              }
            }
          }
        },
        "http-errors": {
          "version": "1.5.0",
          "resolved": "https://registry.npmjs.org/http-errors/-/http-errors-1.5.0.tgz",
          "integrity": "sha1-scs9gmD9jiOGytMYkEWUM3LUghE=",
          "requires": {
            "inherits": "2.0.1",
            "setprototypeof": "1.0.1",
            "statuses": "1.3.1"
          },
          "dependencies": {
            "inherits": {
              "version": "2.0.1",
              "resolved": "https://registry.npmjs.org/inherits/-/inherits-2.0.1.tgz",
              "integrity": "sha1-sX0I0ya0Qj5Wjv9xn5GwscvfafE="
            },
            "setprototypeof": {
              "version": "1.0.1",
              "resolved": "https://registry.npmjs.org/setprototypeof/-/setprototypeof-1.0.1.tgz",
              "integrity": "sha1-UgCbJ4iMTcSPWRlJwKgnWDTByn4="
            }
          }
        },
        "koa-compose": {
          "version": "2.5.1",
          "resolved": "https://registry.npmjs.org/koa-compose/-/koa-compose-2.5.1.tgz",
          "integrity": "sha1-cmz7F2lN5cufvwPArfFyMD+D8VY="
        },
        "koa-is-json": {
          "version": "1.0.0",
          "resolved": "https://registry.npmjs.org/koa-is-json/-/koa-is-json-1.0.0.tgz",
          "integrity": "sha1-JzwH7c3Ljfaiwat9We52SRRR7BQ="
        },
        "mime-types": {
          "version": "2.1.12",
          "resolved": "https://registry.npm.taobao.org/mime-types/download/mime-types-2.1.12.tgz",
          "integrity": "sha1-FSuiVndwIN1GY/VMLnvCY4HnFyk=",
          "requires": {
            "mime-db": "1.24.0"
          },
          "dependencies": {
            "mime-db": {
              "version": "1.24.0",
              "resolved": "https://registry.npm.taobao.org/mime-db/download/mime-db-1.24.0.tgz",
              "integrity": "sha1-4tE/k58AFsbk6a0lqGUvEmxGfww="
            }
          }
        },
        "on-finished": {
          "version": "2.3.0",
          "resolved": "https://registry.npmjs.org/on-finished/-/on-finished-2.3.0.tgz",
          "integrity": "sha1-IPEzZIGwg811M3mSoWlxqi2QaUc=",
          "requires": {
            "ee-first": "1.1.1"
          },
          "dependencies": {
            "ee-first": {
              "version": "1.1.1",
              "resolved": "https://registry.npmjs.org/ee-first/-/ee-first-1.1.1.tgz",
              "integrity": "sha1-WQxhFWsK4vTwJVcyoViyZrxWsh0="
            }
          }
        },
        "only": {
          "version": "0.0.2",
          "resolved": "https://registry.npmjs.org/only/-/only-0.0.2.tgz",
          "integrity": "sha1-Kv3oTQPlC5qO3EROMGEKcCle37Q="
        },
        "parseurl": {
          "version": "1.3.1",
          "resolved": "https://registry.npmjs.org/parseurl/-/parseurl-1.3.1.tgz",
          "integrity": "sha1-yKuMkiO6NIiKpkopeyiFO+wY2lY="
        },
        "statuses": {
          "version": "1.3.1",
          "resolved": "https://registry.npmjs.org/statuses/-/statuses-1.3.1.tgz",
          "integrity": "sha1-+vUbnrdKrvOzrPStX2Gr8ky3uT4="
        },
        "type-is": {
          "version": "1.6.13",
          "resolved": "https://registry.npmjs.org/type-is/-/type-is-1.6.13.tgz",
          "integrity": "sha1-boO6e8MM0zp7sLf7AHN6IIW/nQg=",
          "requires": {
            "media-typer": "0.3.0",
            "mime-types": "2.1.12"
          },
          "dependencies": {
            "media-typer": {
              "version": "0.3.0",
              "resolved": "https://registry.npmjs.org/media-typer/-/media-typer-0.3.0.tgz",
              "integrity": "sha1-hxDXrwqmJvj/+hzgAWhUUmMlV0g="
            }
          }
        },
        "vary": {
          "version": "1.1.0",
          "resolved": "https://registry.npmjs.org/vary/-/vary-1.1.0.tgz",
          "integrity": "sha1-4eWv+70WrnaN0mdDlLmtMCJlMUA="
        }
      }
    },
    "koa-bodyparser": {
      "version": "2.2.0",
      "resolved": "https://registry.npmjs.org/koa-bodyparser/-/koa-bodyparser-2.2.0.tgz",
      "integrity": "sha1-IsVs3lN4HeoN9/B13dIP4KfFMDc=",
      "requires": {
        "co-body": "4.2.0",
        "copy-to": "2.0.1"
      },
      "dependencies": {
        "co-body": {
          "version": "4.2.0",
          "resolved": "https://registry.npmjs.org/co-body/-/co-body-4.2.0.tgz",
          "integrity": "sha1-dN8g+nMmISXcRUgq8E40LqjbNRU=",
          "requires": {
            "inflation": "2.0.0",
            "qs": "4.0.0",
            "raw-body": "2.1.7",
            "type-is": "1.6.13"
          },
          "dependencies": {
            "inflation": {
              "version": "2.0.0",
              "resolved": "https://registry.npmjs.org/inflation/-/inflation-2.0.0.tgz",
              "integrity": "sha1-i0F+R8KPklpFEz2RTKH9OJEH8w8="
            },
            "qs": {
              "version": "4.0.0",
              "resolved": "https://registry.npmjs.org/qs/-/qs-4.0.0.tgz",
              "integrity": "sha1-wx2bdOwn33XlQ6hseHKO2NRiNgc="
            },
            "raw-body": {
              "version": "2.1.7",
              "resolved": "https://registry.npmjs.org/raw-body/-/raw-body-2.1.7.tgz",
              "integrity": "sha1-rf6s4uT7MJgFgBTQjActzFl1h3Q=",
              "requires": {
                "bytes": "2.4.0",
                "iconv-lite": "0.4.13",
                "unpipe": "1.0.0"
              },
              "dependencies": {
                "bytes": {
                  "version": "2.4.0",
                  "resolved": "https://registry.npm.taobao.org/bytes/download/bytes-2.4.0.tgz",
                  "integrity": "sha1-fZcZb51br39pNeJZhVSe3SpsIzk="
                },
                "iconv-lite": {
                  "version": "0.4.13",
                  "resolved": "https://registry.npmjs.org/iconv-lite/-/iconv-lite-0.4.13.tgz",
                  "integrity": "sha1-H4irpKsLFQjoMSrMOTRfNumS4vI="
                },
                "unpipe": {
                  "version": "1.0.0",
                  "resolved": "https://registry.npmjs.org/unpipe/-/unpipe-1.0.0.tgz",
                  "integrity": "sha1-sr9O6FFKrmFltIF4KdIbLvSZBOw="
                }
              }
            },
            "type-is": {
              "version": "1.6.13",
              "resolved": "https://registry.npmjs.org/type-is/-/type-is-1.6.13.tgz",
              "integrity": "sha1-boO6e8MM0zp7sLf7AHN6IIW/nQg=",
              "requires": {
                "media-typer": "0.3.0",
                "mime-types": "2.1.12"
              },
              "dependencies": {
                "media-typer": {
                  "version": "0.3.0",
                  "resolved": "https://registry.npmjs.org/media-typer/-/media-typer-0.3.0.tgz",
                  "integrity": "sha1-hxDXrwqmJvj/+hzgAWhUUmMlV0g="
                },
                "mime-types": {
                  "version": "2.1.12",
                  "resolved": "https://registry.npm.taobao.org/mime-types/download/mime-types-2.1.12.tgz",
                  "integrity": "sha1-FSuiVndwIN1GY/VMLnvCY4HnFyk=",
                  "requires": {
                    "mime-db": "1.24.0"
                  },
                  "dependencies": {
                    "mime-db": {
                      "version": "1.24.0",
                      "resolved": "https://registry.npm.taobao.org/mime-db/download/mime-db-1.24.0.tgz",
                      "integrity": "sha1-4tE/k58AFsbk6a0lqGUvEmxGfww="
                    }
                  }
                }
              }
            }
          }
        },
        "copy-to": {
          "version": "2.0.1",
          "resolved": "https://registry.npm.taobao.org/copy-to/download/copy-to-2.0.1.tgz",
          "integrity": "sha1-JoD7uAaKSNCGVrYJgJK9r8kG9KU="
        }
      }
    },
    "koa-logger": {
      "version": "1.3.0",
      "resolved": "https://registry.npmjs.org/koa-logger/-/koa-logger-1.3.0.tgz",
      "integrity": "sha1-JCuTo0eOcyFzPOYf3an570lHyEQ=",
      "requires": {
        "bytes": "1.0.0",
        "chalk": "1.1.3",
        "humanize-number": "0.0.2",
        "passthrough-counter": "1.0.0"
      },
      "dependencies": {
        "bytes": {
          "version": "1.0.0",
          "resolved": "https://registry.npmjs.org/bytes/-/bytes-1.0.0.tgz",
          "integrity": "sha1-NWnt6Lo0MV+rmcPpLLBMciDeH6g="
        },
        "chalk": {
          "version": "1.1.3",
          "resolved": "https://registry.npm.taobao.org/chalk/download/chalk-1.1.3.tgz",
          "integrity": "sha1-qBFcVeSnAv5NFQq9OHKCKn4J/Jg=",
          "requires": {
            "ansi-styles": "2.2.1",
            "escape-string-regexp": "1.0.5",
            "has-ansi": "2.0.0",
            "strip-ansi": "3.0.1",
            "supports-color": "2.0.0"
          },
          "dependencies": {
            "ansi-styles": {
              "version": "2.2.1",
              "resolved": "https://registry.npm.taobao.org/ansi-styles/download/ansi-styles-2.2.1.tgz",
              "integrity": "sha1-tDLdM1i2NM914eRmQ2gkBTPB3b4="
            },
            "escape-string-regexp": {
              "version": "1.0.5",
              "resolved": "https://registry.npm.taobao.org/escape-string-regexp/download/escape-string-regexp-1.0.5.tgz",
              "integrity": "sha1-G2HAViGQqN/2rjuyzwIAyhMLhtQ="
            },
            "has-ansi": {
              "version": "2.0.0",
              "resolved": "https://registry.npm.taobao.org/has-ansi/download/has-ansi-2.0.0.tgz",
              "integrity": "sha1-NPUEnOHs3ysGSa8+8k5F7TVBbZE=",
              "requires": {
                "ansi-regex": "2.0.0"
              },
              "dependencies": {
                "ansi-regex": {
                  "version": "2.0.0",
                  "resolved": "https://registry.npm.taobao.org/ansi-regex/download/ansi-regex-2.0.0.tgz",
                  "integrity": "sha1-xQYbbg74qBd15Q9dZhUb9r83EQc="
                }
              }
            },
            "strip-ansi": {
              "version": "3.0.1",
              "resolved": "https://registry.npm.taobao.org/strip-ansi/download/strip-ansi-3.0.1.tgz",
              "integrity": "sha1-ajhfuIU9lS1f8F0Oiq+UJ43GPc8=",
              "requires": {
                "ansi-regex": "2.0.0"
              },
              "dependencies": {
                "ansi-regex": {
                  "version": "2.0.0",
                  "resolved": "https://registry.npm.taobao.org/ansi-regex/download/ansi-regex-2.0.0.tgz",
                  "integrity": "sha1-xQYbbg74qBd15Q9dZhUb9r83EQc="
                }
              }
            },
            "supports-color": {
              "version": "2.0.0",
              "resolved": "https://registry.npm.taobao.org/supports-color/download/supports-color-2.0.0.tgz",
              "integrity": "sha1-U10EXOa2Nj+kARcIRimZXp3zJMc="
            }
          }
        },
        "humanize-number": {
          "version": "0.0.2",
          "resolved": "https://registry.npmjs.org/humanize-number/-/humanize-number-0.0.2.tgz",
          "integrity": "sha1-EcCvakcWQ2M1iFiASPF5lUFInBg="
        },
        "passthrough-counter": {
          "version": "1.0.0",
          "resolved": "https://registry.npmjs.org/passthrough-counter/-/passthrough-counter-1.0.0.tgz",
          "integrity": "sha1-GWfZ5m2lcrXAI8eH2xEqOHqxZvo="
        }
      }
    },
    "koa-router": {
      "version": "5.4.0",
      "resolved": "https://registry.npmjs.org/koa-router/-/koa-router-5.4.0.tgz",
      "integrity": "sha1-LE5nsBJrlyY/3yRJOrLvtMTGYcM=",
      "requires": {
        "debug": "2.3.2",
        "http-errors": "1.5.0",
        "methods": "1.1.2",
        "path-to-regexp": "1.7.0"
      },
      "dependencies": {
        "debug": {
          "version": "2.3.2",
          "resolved": "https://registry.npmjs.org/debug/-/debug-2.3.2.tgz",
          "integrity": "sha1-lMtGbvfW0sflJFzdbkEE8tDXDTA=",
          "requires": {
            "ms": "0.7.2"
          },
          "dependencies": {
            "ms": {
              "version": "0.7.2",
              "resolved": "https://registry.npmjs.org/ms/-/ms-0.7.2.tgz",
              "integrity": "sha1-riXPJRKziFodldfwN4aNhDESR2U="
            }
          }
        },
        "http-errors": {
          "version": "1.5.0",
          "resolved": "https://registry.npmjs.org/http-errors/-/http-errors-1.5.0.tgz",
          "integrity": "sha1-scs9gmD9jiOGytMYkEWUM3LUghE=",
          "requires": {
            "inherits": "2.0.1",
            "setprototypeof": "1.0.1",
            "statuses": "1.3.1"
          },
          "dependencies": {
            "inherits": {
              "version": "2.0.1",
              "resolved": "https://registry.npmjs.org/inherits/-/inherits-2.0.1.tgz",
              "integrity": "sha1-sX0I0ya0Qj5Wjv9xn5GwscvfafE="
            },
            "setprototypeof": {
              "version": "1.0.1",
              "resolved": "https://registry.npmjs.org/setprototypeof/-/setprototypeof-1.0.1.tgz",
              "integrity": "sha1-UgCbJ4iMTcSPWRlJwKgnWDTByn4="
            },
            "statuses": {
              "version": "1.3.1",
              "resolved": "https://registry.npmjs.org/statuses/-/statuses-1.3.1.tgz",
              "integrity": "sha1-+vUbnrdKrvOzrPStX2Gr8ky3uT4="
            }
          }
        },
        "methods": {
          "version": "1.1.2",
          "resolved": "https://registry.npmjs.org/methods/-/methods-1.1.2.tgz",
          "integrity": "sha1-VSmk1nZUE07cxSZmVoNbD4Ua/O4="
        },
        "path-to-regexp": {
          "version": "1.7.0",
          "resolved": "https://registry.npmjs.org/path-to-regexp/-/path-to-regexp-1.7.0.tgz",
          "integrity": "sha1-Wf3g9DW62suhA6hOnTvGTpa5k30=",
          "requires": {
            "isarray": "0.0.1"
          },
          "dependencies": {
            "isarray": {
              "version": "0.0.1",
              "resolved": "https://registry.npmjs.org/isarray/-/isarray-0.0.1.tgz",
              "integrity": "sha1-ihis/Kmo9Bd+Cav8YDiTmwXR7t8="
            }
          }
        }
      }
    },
    "koa-session": {
      "version": "3.4.0",
      "resolved": "https://registry.npmjs.org/koa-session/-/koa-session-3.4.0.tgz",
      "integrity": "sha1-zicCkaT8+6/hmau2TM2YMOjHh78=",
      "requires": {
        "debug": "2.3.2",
        "deep-equal": "1.0.1"
      },
      "dependencies": {
        "debug": {
          "version": "2.3.2",
          "resolved": "https://registry.npmjs.org/debug/-/debug-2.3.2.tgz",
          "integrity": "sha1-lMtGbvfW0sflJFzdbkEE8tDXDTA=",
          "requires": {
            "ms": "0.7.2"
          },
          "dependencies": {
            "ms": {
              "version": "0.7.2",
              "resolved": "https://registry.npmjs.org/ms/-/ms-0.7.2.tgz",
              "integrity": "sha1-riXPJRKziFodldfwN4aNhDESR2U="
            }
          }
        },
        "deep-equal": {
          "version": "1.0.1",
          "resolved": "https://registry.npmjs.org/deep-equal/-/deep-equal-1.0.1.tgz",
          "integrity": "sha1-9dJgKStmDghO/0zbyfCK0yR0SLU="
        }
      }
    },
    "lodash": {
      "version": "4.16.6",
      "resolved": "https://registry.npmjs.org/lodash/-/lodash-4.16.6.tgz",
      "integrity": "sha1-0iyaxmAojzhD4Wun0rXQbMon13c="
    },
    "mime": {
      "version": "1.3.6",
      "resolved": "https://registry.npmjs.org/mime/-/mime-1.3.6.tgz",
      "integrity": "sha1-WR2E02U6awtKO5343lqoEI5y5eA="
    },
    "minimist": {
      "version": "1.2.0",
      "resolved": "https://registry.npmjs.org/minimist/-/minimist-1.2.0.tgz",
      "integrity": "sha1-o1AIsg9BOD7sH7kU9M1d95omQoQ="
    },
    "mongoose": {
      "version": "4.6.7",
      "resolved": "https://registry.npmjs.org/mongoose/-/mongoose-4.6.7.tgz",
      "integrity": "sha1-/IK0hRYg6NmUuIP7P9A7QBVm1pM=",
      "requires": {
        "async": "2.1.2",
        "bson": "0.5.6",
        "hooks-fixed": "1.2.0",
        "kareem": "1.1.3",
        "mongodb": "2.2.11",
        "mpath": "0.2.1",
        "mpromise": "0.5.5",
        "mquery": "2.0.0",
        "ms": "0.7.1",
        "muri": "1.1.1",
        "regexp-clone": "0.0.1",
        "sliced": "1.0.1"
      },
      "dependencies": {
        "async": {
          "version": "2.1.2",
          "resolved": "https://registry.npmjs.org/async/-/async-2.1.2.tgz",
          "integrity": "sha1-YSpKtF70KnDN6Aa62G7m2wR+g4U=",
          "requires": {
            "lodash": "4.16.6"
          }
        },
        "bson": {
          "version": "0.5.6",
          "resolved": "https://registry.npmjs.org/bson/-/bson-0.5.6.tgz",
          "integrity": "sha1-4D3oCmksKPykOW8NFMlwab0rc6Y="
        },
        "hooks-fixed": {
          "version": "1.2.0",
          "resolved": "https://registry.npmjs.org/hooks-fixed/-/hooks-fixed-1.2.0.tgz",
          "integrity": "sha1-DSdy1NfWhf+SRHJKnwtbJVmqyWs="
        },
        "kareem": {
          "version": "1.1.3",
          "resolved": "https://registry.npmjs.org/kareem/-/kareem-1.1.3.tgz",
          "integrity": "sha1-CHdhDYh5w42mLR26/eThfyaS8EE="
        },
        "mongodb": {
          "version": "2.2.11",
          "resolved": "https://registry.npmjs.org/mongodb/-/mongodb-2.2.11.tgz",
          "integrity": "sha1-qCiwNv5qQ3o15yOvX4F4HEl2MGw=",
          "requires": {
            "es6-promise": "3.2.1",
            "mongodb-core": "2.0.13",
            "readable-stream": "2.1.5"
          },
          "dependencies": {
            "es6-promise": {
              "version": "3.2.1",
              "resolved": "https://registry.npmjs.org/es6-promise/-/es6-promise-3.2.1.tgz",
              "integrity": "sha1-7FYjOGgDKQkgcXDDlEjiREndH8Q="
            },
            "mongodb-core": {
              "version": "2.0.13",
              "resolved": "https://registry.npmjs.org/mongodb-core/-/mongodb-core-2.0.13.tgz",
              "integrity": "sha1-+TlLWI3ODleUguU9dNvH16nUUZw=",
              "requires": {
                "bson": "0.5.6",
                "require_optional": "1.0.0"
              },
              "dependencies": {
                "require_optional": {
                  "version": "1.0.0",
                  "resolved": "https://registry.npmjs.org/require_optional/-/require_optional-1.0.0.tgz",
                  "integrity": "sha1-UqhhN6hJco62ClVTNhf4+RT1mr8=",
                  "requires": {
                    "resolve-from": "2.0.0",
                    "semver": "5.3.0"
                  },
                  "dependencies": {
                    "resolve-from": {
                      "version": "2.0.0",
                      "resolved": "https://registry.npmjs.org/resolve-from/-/resolve-from-2.0.0.tgz",
                      "integrity": "sha1-lICrIOlP+h2egKgEx+oUdhGWa1c="
                    },
                    "semver": {
                      "version": "5.3.0",
                      "resolved": "https://registry.npm.taobao.org/semver/download/semver-5.3.0.tgz",
                      "integrity": "sha1-myzl094C0XxgEq0yaqa00M9U+U8="
                    }
                  }
                }
              }
            },
            "readable-stream": {
              "version": "2.1.5",
              "resolved": "https://registry.npm.taobao.org/readable-stream/download/readable-stream-2.1.5.tgz",
              "integrity": "sha1-ZvqLcg4UOLNkaB8q0aY8YYRIydA=",
              "requires": {
                "buffer-shims": "1.0.0",
                "core-util-is": "1.0.2",
                "inherits": "2.0.3",
                "isarray": "1.0.0",
                "process-nextick-args": "1.0.7",
                "string_decoder": "0.10.31",
                "util-deprecate": "1.0.2"
              },
              "dependencies": {
                "buffer-shims": {
                  "version": "1.0.0",
                  "resolved": "https://registry.npm.taobao.org/buffer-shims/download/buffer-shims-1.0.0.tgz",
                  "integrity": "sha1-mXjOMXOIxkmth5MCjDR37wRKi1E="
                },
                "core-util-is": {
                  "version": "1.0.2",
                  "resolved": "https://registry.npm.taobao.org/core-util-is/download/core-util-is-1.0.2.tgz",
                  "integrity": "sha1-tf1UIgqivFq1eqtxQMlAdUUDwac="
                },
                "inherits": {
                  "version": "2.0.3",
                  "resolved": "https://registry.npm.taobao.org/inherits/download/inherits-2.0.3.tgz",
                  "integrity": "sha1-Yzwsg+PaQqUC9SRmAiSA9CCCYd4="
                },
                "isarray": {
                  "version": "1.0.0",
                  "resolved": "https://registry.npmjs.org/isarray/-/isarray-1.0.0.tgz",
                  "integrity": "sha1-u5NdSFgsuhaMBoNJV6VKPgcSTxE="
                },
                "process-nextick-args": {
                  "version": "1.0.7",
                  "resolved": "https://registry.npm.taobao.org/process-nextick-args/download/process-nextick-args-1.0.7.tgz",
                  "integrity": "sha1-FQ4gt1ZZCtP5EJPyWk8q2L/zC6M="
                },
                "string_decoder": {
                  "version": "0.10.31",
                  "resolved": "https://registry.npm.taobao.org/string_decoder/download/string_decoder-0.10.31.tgz",
                  "integrity": "sha1-YuIDvEF2bGwoyfyEMB2rHFMQ+pQ="
                },
                "util-deprecate": {
                  "version": "1.0.2",
                  "resolved": "https://registry.npmjs.org/util-deprecate/-/util-deprecate-1.0.2.tgz",
                  "integrity": "sha1-RQ1Nyfpw3nMnYvvS1KKJgUGaDM8="
                }
              }
            }
          }
        },
        "mpath": {
          "version": "0.2.1",
          "resolved": "https://registry.npmjs.org/mpath/-/mpath-0.2.1.tgz",
          "integrity": "sha1-Ok6Ck1mAHeljCcJ6ay4QLon56W4="
        },
        "mpromise": {
          "version": "0.5.5",
          "resolved": "https://registry.npmjs.org/mpromise/-/mpromise-0.5.5.tgz",
          "integrity": "sha1-9bJCWddjrMIlewoMjG2Gb9UXMuY="
        },
        "mquery": {
          "version": "2.0.0",
          "resolved": "https://registry.npmjs.org/mquery/-/mquery-2.0.0.tgz",
          "integrity": "sha1-tavIULkN/8PhCuSbS256R5dS3yI=",
          "requires": {
            "bluebird": "2.10.2",
            "debug": "2.2.0",
            "regexp-clone": "0.0.1",
            "sliced": "0.0.5"
          },
          "dependencies": {
            "bluebird": {
              "version": "2.10.2",
              "resolved": "https://registry.npmjs.org/bluebird/-/bluebird-2.10.2.tgz",
              "integrity": "sha1-AkpVFylTCIV/FPkfEQb8O1VfRGs="
            },
            "debug": {
              "version": "2.2.0",
              "resolved": "https://registry.npm.taobao.org/debug/download/debug-2.2.0.tgz",
              "integrity": "sha1-+HBX6ZWxofauaklgZkE3vFbwOdo=",
              "requires": {
                "ms": "0.7.1"
              }
            },
            "sliced": {
              "version": "0.0.5",
              "resolved": "https://registry.npmjs.org/sliced/-/sliced-0.0.5.tgz",
              "integrity": "sha1-XtwETKTrb3gW1Qui/GPiXY/kcH8="
            }
          }
        },
        "ms": {
          "version": "0.7.1",
          "resolved": "https://registry.npmjs.org/ms/-/ms-0.7.1.tgz",
          "integrity": "sha1-nNE8A62/8ltl7/3nzoZO6VIBcJg="
        },
        "muri": {
          "version": "1.1.1",
          "resolved": "https://registry.npmjs.org/muri/-/muri-1.1.1.tgz",
          "integrity": "sha1-ZL2QTq+P+JYAyZREH608UZWQWsI="
        },
        "regexp-clone": {
          "version": "0.0.1",
          "resolved": "https://registry.npmjs.org/regexp-clone/-/regexp-clone-0.0.1.tgz",
          "integrity": "sha1-p8LgmJH9vzj7sQ03b7cwA+aKxYk="
        },
        "sliced": {
          "version": "1.0.1",
          "resolved": "https://registry.npmjs.org/sliced/-/sliced-1.0.1.tgz",
          "integrity": "sha1-CzpmK10Ewxd7GSa+qCsD+Dei70E="
        }
      }
    },
    "ms": {
      "version": "2.1.1",
      "resolved": "https://registry.npmjs.org/ms/-/ms-2.1.1.tgz",
      "integrity": "sha512-tgp+dl5cGk28utYktBsrFqA7HKgrhgPsg6Z/EfhWI4gl1Hwq8B/GmY/0oXZ6nF8hDVesS/FpnYaD/kOWhYQvyg=="
    },
    "os-name": {
      "version": "1.0.3",
      "resolved": "https://registry.npmjs.org/os-name/-/os-name-1.0.3.tgz",
      "integrity": "sha1-GzefZINa98Wn9JizV8uVIVwVnt8=",
      "requires": {
        "osx-release": "1.1.0",
        "win-release": "1.1.1"
      }
    },
    "osx-release": {
      "version": "1.1.0",
      "resolved": "https://registry.npmjs.org/osx-release/-/osx-release-1.1.0.tgz",
      "integrity": "sha1-8heRGigTaUmvG/kwiyQeJzfTzWw=",
      "requires": {
        "minimist": "1.2.0"
      }
    },
    "pause-stream": {
      "version": "0.0.11",
      "resolved": "https://registry.npmjs.org/pause-stream/-/pause-stream-0.0.11.tgz",
      "integrity": "sha1-/lo0sMvOErWqaitAPuLnO2AvFEU=",
      "requires": {
        "through": "2.3.8"
      }
    },
    "q": {
      "version": "1.5.1",
      "resolved": "https://registry.npmjs.org/q/-/q-1.5.1.tgz",
      "integrity": "sha1-fjL3W0E4EpHQRhHxvxQQmsAGUdc="
    },
    "qiniu": {
      "version": "7.1.1",
      "resolved": "https://registry.npmjs.org/qiniu/-/qiniu-7.1.1.tgz",
      "integrity": "sha1-EhOIiOQQNr5JuJI8qo7vgd6iqUo=",
      "requires": {
        "agentkeepalive": "3.3.0",
        "crc32": "0.2.2",
        "formstream": "1.1.0",
        "mime": "1.3.6",
        "tunnel-agent": "0.6.0",
        "urlencode": "1.1.0",
        "urllib": "2.22.0"
      }
    },
    "qs": {
      "version": "6.5.1",
      "resolved": "https://registry.npmjs.org/qs/-/qs-6.5.1.tgz",
      "integrity": "sha512-eRzhrN1WSINYCDCbrz796z37LOe3m5tmW7RQf6oBntukAG1nmovJvhnwHHRMAfeoItc1m2Hk02WER2aQ/iqs+A=="
    },
    "safe-buffer": {
      "version": "5.1.1",
      "resolved": "https://registry.npmjs.org/safe-buffer/-/safe-buffer-5.1.1.tgz",
      "integrity": "sha512-kKvNJn6Mm93gAczWVJg7wH+wGYWNrDHdWvpUmHyEsgCtIwwo3bqPtV4tR5tuPaUhTOo/kvhVwd8XwwOllGYkbg=="
    },
    "semver": {
      "version": "5.5.0",
      "resolved": "https://registry.npmjs.org/semver/-/semver-5.5.0.tgz",
      "integrity": "sha512-4SJ3dm0WAwWy/NVeioZh5AntkdJoWKxHxcmyP622fOkgHa4z3R0TdBJICINyaSDE6uNwVc8gZr+ZinwZAH4xIA=="
    },
    "sha1": {
      "version": "1.1.1",
      "resolved": "https://registry.npmjs.org/sha1/-/sha1-1.1.1.tgz",
      "integrity": "sha1-rdqnqTFo85PxnrKxUJFhjicA+Eg=",
      "requires": {
        "charenc": "0.0.1",
        "crypt": "0.0.1"
      },
      "dependencies": {
        "charenc": {
          "version": "0.0.1",
          "resolved": "https://registry.npmjs.org/charenc/-/charenc-0.0.1.tgz",
          "integrity": "sha1-AEz/n+rxAjgu0S21jdb5Ynltbog="
        },
        "crypt": {
          "version": "0.0.1",
          "resolved": "https://registry.npmjs.org/crypt/-/crypt-0.0.1.tgz",
          "integrity": "sha1-XxGyGmwF7xteeXCDZtpjdOzh5qI="
        }
      }
    },
    "speakeasy": {
      "version": "2.0.0",
      "resolved": "https://registry.npmjs.org/speakeasy/-/speakeasy-2.0.0.tgz",
      "integrity": "sha1-hckaBxsJpcuGQlkNmDVmFl9XYTo=",
      "requires": {
        "base32.js": "0.0.1"
      },
      "dependencies": {
        "base32.js": {
          "version": "0.0.1",
          "resolved": "https://registry.npmjs.org/base32.js/-/base32.js-0.0.1.tgz",
          "integrity": "sha1-0EVzalex9sE58MffQlGKhOkbsro="
        }
      }
    },
    "statuses": {
      "version": "1.4.0",
      "resolved": "https://registry.npmjs.org/statuses/-/statuses-1.4.0.tgz",
      "integrity": "sha512-zhSCtt8v2NDrRlPQpCNtw/heZLtfUDqxBM1udqikb/Hbk52LK4nQSwr10u77iopCW5LsyHpuXS0GnEc48mLeew=="
    },
    "through": {
      "version": "2.3.8",
      "resolved": "https://registry.npmjs.org/through/-/through-2.3.8.tgz",
      "integrity": "sha1-DdTJ/6q8NXlgsbckEV1+Doai4fU="
    },
    "tunnel-agent": {
      "version": "0.6.0",
      "resolved": "https://registry.npmjs.org/tunnel-agent/-/tunnel-agent-0.6.0.tgz",
      "integrity": "sha1-J6XeoGs2sEoKmWZ3SykIaPD8QP0=",
      "requires": {
        "safe-buffer": "5.1.1"
      }
    },
    "urlencode": {
      "version": "1.1.0",
      "resolved": "https://registry.npmjs.org/urlencode/-/urlencode-1.1.0.tgz",
      "integrity": "sha1-HyuibwE8hfATP3o61v8nMK33y7c=",
      "requires": {
        "iconv-lite": "0.4.19"
      }
    },
    "urllib": {
      "version": "2.22.0",
      "resolved": "https://registry.npmjs.org/urllib/-/urllib-2.22.0.tgz",
      "integrity": "sha1-KWXcSuEnpvtpW32yfTGE8X2Cy0I=",
      "requires": {
        "any-promise": "1.3.0",
        "content-type": "1.0.4",
        "debug": "2.6.9",
        "default-user-agent": "1.0.0",
        "digest-header": "0.0.1",
        "ee-first": "1.1.1",
        "humanize-ms": "1.2.1",
        "iconv-lite": "0.4.19",
        "qs": "6.5.1",
        "statuses": "1.4.0"
      }
    },
    "utility": {
      "version": "0.1.11",
      "resolved": "https://registry.npmjs.org/utility/-/utility-0.1.11.tgz",
      "integrity": "sha1-/eYM+bTkdRlHoM9dEEzik2ciZxU=",
      "requires": {
        "address": "1.0.3"
      }
    },
    "uuid": {
      "version": "2.0.3",
      "resolved": "https://registry.npmjs.org/uuid/-/uuid-2.0.3.tgz",
      "integrity": "sha1-Z+LoY3lyFVMN/zGOW/nc6/1Hsho="
    },
    "win-release": {
      "version": "1.1.1",
      "resolved": "https://registry.npmjs.org/win-release/-/win-release-1.1.1.tgz",
      "integrity": "sha1-X6VeAr58qTTt/BJmVjLoSbcuUgk=",
      "requires": {
        "semver": "5.5.0"
      }
    },
    "xss": {
      "version": "0.2.17",
      "resolved": "https://registry.npmjs.org/xss/-/xss-0.2.17.tgz",
      "integrity": "sha1-x9mmNPvIZK9eRkPn+uZUTlZphzg=",
      "requires": {
        "commander": "2.9.0",
        "cssfilter": "0.0.8"
      },
      "dependencies": {
        "commander": {
          "version": "2.9.0",
          "resolved": "https://registry.npm.taobao.org/commander/download/commander-2.9.0.tgz",
          "integrity": "sha1-nJkJQXbhIkDLItbFFGCYQA/g99Q=",
          "requires": {
            "graceful-readlink": "1.0.1"
          },
          "dependencies": {
            "graceful-readlink": {
              "version": "1.0.1",
              "resolved": "https://registry.npm.taobao.org/graceful-readlink/download/graceful-readlink-1.0.1.tgz",
              "integrity": "sha1-TK+tdrxi8C+gObL5Tpo906ORpyU="
            }
          }
        },
        "cssfilter": {
          "version": "0.0.8",
          "resolved": "https://registry.npmjs.org/cssfilter/-/cssfilter-0.0.8.tgz",
          "integrity": "sha1-ZWTKzLqKdt2bS5IGaLn7f9pQ5Uw="
        }
      }
    }
  }
}
